
Microsoft Visual Studio Solution File, Format Version 12.00
# Visual Studio Version 16
VisualStudioVersion = 16.0.30804.86
MinimumVisualStudioVersion = 10.0.40219.1
Project("{FAE04EC0-301F-11D3-BF4B-00C04F79EFBC}") = "Breaddit", "Breaddit.csproj", "{90233C12-3DC0-4E48-B95F-BB4A9260ECBC}"
EndProject
Global
	GlobalSection(SolutionConfigurationPlatforms) = preSolution
		Debug|Any CPU = Debug|Any CPU
		Release|Any CPU = Release|Any CPU
	EndGlobalSection
	GlobalSection(ProjectConfigurationPlatforms) = postSolution
		{90233C12-3DC0-4E48-B95F-BB4A9260ECBC}.Debug|Any CPU.ActiveCfg = Debug|Any CPU
		{90233C12-3DC0-4E48-B95F-BB4A9260ECBC}.Debug|Any CPU.Build.0 = Debug|Any CPU
		{90233C12-3DC0-4E48-B95F-BB4A9260ECBC}.Release|Any CPU.ActiveCfg = Release|Any CPU
		{90233C12-3DC0-4E48-B95F-BB4A9260ECBC}.Release|Any CPU.Build.0 = Release|Any CPU
	EndGlobalSection
	GlobalSection(SolutionProperties) = preSolution
		HideSolutionNode = FALSE
	EndGlobalSection
	GlobalSection(ExtensibilityGlobals) = postSolution
		SolutionGuid = {D6301462-C176-4D99-AC16-3070FC6444BE}
	EndGlobalSection
EndGlobal
